<?xml version="1.0" encoding="utf-8"?>
<Project ToolsVersion="4.0" xmlns="http://schemas.microsoft.com/developer/msbuild/2003">
  <ItemGroup>
    <Filter Include="ソース ファイル">
      <UniqueIdentifier>{4FC737F1-C7A5-4376-A066-2A32D752A2FF}</UniqueIdentifier>
      <Extensions>cpp;c;cc;cxx;c++;cppm;ixx;def;odl;idl;hpj;bat;asm;asmx</Extensions>
    </Filter>
    <Filter Include="ヘッダー ファイル">
      <UniqueIdentifier>{93995380-89BD-4b04-88EB-625FBE52EBFB}</UniqueIdentifier>
      <Extensions>h;hh;hpp;hxx;h++;hm;inl;inc;ipp;xsd</Extensions>
    </Filter>
    <Filter Include="リソース ファイル">
      <UniqueIdentifier>{67DA6AB6-F800-4c08-8B7A-83BB121AAD01}</UniqueIdentifier>
      <Extensions>rc;ico;cur;bmp;dlg;rc2;rct;bin;rgs;gif;jpg;jpeg;jpe;resx;tiff;tif;png;wav;mfcribbon-ms</Extensions>
    </Filter>
    <Filter Include="DX11">
      <UniqueIdentifier>{b8495851-de77-46bb-842b-2d0329693f1b}</UniqueIdentifier>
    </Filter>
    <Filter Include="Application">
      <UniqueIdentifier>{bb0f826c-cb75-4d13-9026-f7667759b859}</UniqueIdentifier>
    </Filter>
    <Filter Include="Game">
      <UniqueIdentifier>{0013927c-3bf7-4ad0-a13b-2d032d3b7ef7}</UniqueIdentifier>
    </Filter>
    <Filter Include="Shader">
      <UniqueIdentifier>{79ab92cf-28b1-485f-a1f3-f31169f2988d}</UniqueIdentifier>
    </Filter>
    <Filter Include="DX12">
      <UniqueIdentifier>{6c2d75a2-f379-437a-85a6-18e4e24e3e67}</UniqueIdentifier>
    </Filter>
  </ItemGroup>
  <ItemGroup>
    <ClInclude Include="framework.h">
      <Filter>Application</Filter>
    </ClInclude>
    <ClInclude Include="Resource.h">
      <Filter>Application</Filter>
    </ClInclude>
    <ClInclude Include="Application.h">
      <Filter>Application</Filter>
    </ClInclude>
    <ClInclude Include="targetver.h">
      <Filter>Application</Filter>
    </ClInclude>
    <ClInclude Include="code\Utilities.h">
      <Filter>Application</Filter>
    </ClInclude>
    <ClInclude Include="code\Game_System.h">
      <Filter>Game</Filter>
    </ClInclude>
    <ClInclude Include="code\DX12\DX12_Graphics.h">
      <Filter>DX12</Filter>
    </ClInclude>
    <ClInclude Include="code\DX11\DX11_Graphics.h">
      <Filter>DX11</Filter>
    </ClInclude>
    <ClInclude Include="code\DX11\DX11_Sampler.h">
      <Filter>DX11</Filter>
    </ClInclude>
    <ClInclude Include="code\DX11\DX11_Cube.h">
      <Filter>DX11</Filter>
    </ClInclude>
    <ClInclude Include="code\DX12\DX12_Cube.h">
      <Filter>DX12</Filter>
    </ClInclude>
    <ClInclude Include="code\Game\Game_Cube.h">
      <Filter>Game</Filter>
    </ClInclude>
  </ItemGroup>
  <ItemGroup>
    <ClCompile Include="Application.cpp">
      <Filter>Application</Filter>
    </ClCompile>
    <ClCompile Include="code\Game_System.cpp">
      <Filter>Game</Filter>
    </ClCompile>
    <ClCompile Include="code\DX12\DX12_Graphics.cpp">
      <Filter>DX12</Filter>
    </ClCompile>
    <ClCompile Include="code\DX11\DX11_Sampler.cpp">
      <Filter>DX11</Filter>
    </ClCompile>
    <ClCompile Include="code\DX11\DX11_Cube.cpp">
      <Filter>DX11</Filter>
    </ClCompile>
    <ClCompile Include="code\DX11\DX11_Graphics.cpp">
      <Filter>DX11</Filter>
    </ClCompile>
    <ClCompile Include="code\DX12\DX12_Cube.cpp">
      <Filter>DX12</Filter>
    </ClCompile>
    <ClCompile Include="code\Utilities.cpp">
      <Filter>Application</Filter>
    </ClCompile>
    <ClCompile Include="code\Game\Game_Cube.cpp">
      <Filter>Game</Filter>
    </ClCompile>
  </ItemGroup>
  <ItemGroup>
    <Image Include="SIliconKadai1.ico">
      <Filter>Application</Filter>
    </Image>
    <Image Include="small.ico">
      <Filter>Application</Filter>
    </Image>
  </ItemGroup>
  <ItemGroup>
    <ResourceCompile Include="SIliconKadai1.rc">
      <Filter>Application</Filter>
    </ResourceCompile>
  </ItemGroup>
  <ItemGroup>
    <FxCompile Include="shader\SpriteShader.hlsl">
      <Filter>Shader</Filter>
    </FxCompile>
  </ItemGroup>
</Project>